
Microsoft Visual Studio Solution File, Format Version 12.00
# Visual Studio Version 17
VisualStudioVersion = 17.8.34511.84
MinimumVisualStudioVersion = 10.0.40219.1
Project("{FAE04EC0-301F-11D3-BF4B-00C04F79EFBC}") = "MatrixSortingTime", "MatrixSortingTime\MatrixSortingTime.csproj", "{E5E84D4A-0B6D-4895-9AFB-AD8B020A64DB}"
EndProject
Global
	GlobalSection(SolutionConfigurationPlatforms) = preSolution
		Debug|Any CPU = Debug|Any CPU
		Release|Any CPU = Release|Any CPU
	EndGlobalSection
	GlobalSection(ProjectConfigurationPlatforms) = postSolution
		{E5E84D4A-0B6D-4895-9AFB-AD8B020A64DB}.Debug|Any CPU.ActiveCfg = Debug|Any CPU
		{E5E84D4A-0B6D-4895-9AFB-AD8B020A64DB}.Debug|Any CPU.Build.0 = Debug|Any CPU
		{E5E84D4A-0B6D-4895-9AFB-AD8B020A64DB}.Release|Any CPU.ActiveCfg = Release|Any CPU
		{E5E84D4A-0B6D-4895-9AFB-AD8B020A64DB}.Release|Any CPU.Build.0 = Release|Any CPU
	EndGlobalSection
	GlobalSection(SolutionProperties) = preSolution
		HideSolutionNode = FALSE
	EndGlobalSection
	GlobalSection(ExtensibilityGlobals) = postSolution
		SolutionGuid = {BC0F8AB9-E39A-4572-B3E1-F71C2A89AC59}
	EndGlobalSection
EndGlobal
